
Microsoft Visual Studio Solution File, Format Version 12.00
# Visual Studio Version 17
VisualStudioVersion = 17.0.32014.148
MinimumVisualStudioVersion = 10.0.40219.1
Project("{FAE04EC0-301F-11D3-BF4B-00C04F79EFBC}") = "TestWebApp", "TestWebApp\TestWebApp.csproj", "{A751FAEB-F20C-4C0E-BFD9-32EA4F0B96AD}"
EndProject
Global
	GlobalSection(SolutionConfigurationPlatforms) = preSolution
		Debug|Any CPU = Debug|Any CPU
		Release|Any CPU = Release|Any CPU
	EndGlobalSection
	GlobalSection(ProjectConfigurationPlatforms) = postSolution
		{A751FAEB-F20C-4C0E-BFD9-32EA4F0B96AD}.Debug|Any CPU.ActiveCfg = Debug|Any CPU
		{A751FAEB-F20C-4C0E-BFD9-32EA4F0B96AD}.Debug|Any CPU.Build.0 = Debug|Any CPU
		{A751FAEB-F20C-4C0E-BFD9-32EA4F0B96AD}.Release|Any CPU.ActiveCfg = Release|Any CPU
		{A751FAEB-F20C-4C0E-BFD9-32EA4F0B96AD}.Release|Any CPU.Build.0 = Release|Any CPU
	EndGlobalSection
	GlobalSection(SolutionProperties) = preSolution
		HideSolutionNode = FALSE
	EndGlobalSection
	GlobalSection(ExtensibilityGlobals) = postSolution
		SolutionGuid = {A7DD0516-716B-440B-A7BB-B20D158EDF72}
	EndGlobalSection
EndGlobal
